
Microsoft Visual Studio Solution File, Format Version 12.00
# Visual Studio Version 17
VisualStudioVersion = 17.6.33815.320
MinimumVisualStudioVersion = 10.0.40219.1
Project("{FAE04EC0-301F-11D3-BF4B-00C04F79EFBC}") = "Lab2", "Lab2.csproj", "{3B158E9A-E740-4DD6-8214-1CF68577B509}"
EndProject
Project("{FAE04EC0-301F-11D3-BF4B-00C04F79EFBC}") = "PageObject", "..\PageObject\PageObject.csproj", "{DA22DFF6-7CF1-4D35-92FB-986865437AD2}"
EndProject
Global
	GlobalSection(SolutionConfigurationPlatforms) = preSolution
		Debug|Any CPU = Debug|Any CPU
		Release|Any CPU = Release|Any CPU
	EndGlobalSection
	GlobalSection(ProjectConfigurationPlatforms) = postSolution
		{3B158E9A-E740-4DD6-8214-1CF68577B509}.Debug|Any CPU.ActiveCfg = Debug|Any CPU
		{3B158E9A-E740-4DD6-8214-1CF68577B509}.Debug|Any CPU.Build.0 = Debug|Any CPU
		{3B158E9A-E740-4DD6-8214-1CF68577B509}.Release|Any CPU.ActiveCfg = Release|Any CPU
		{3B158E9A-E740-4DD6-8214-1CF68577B509}.Release|Any CPU.Build.0 = Release|Any CPU
		{DA22DFF6-7CF1-4D35-92FB-986865437AD2}.Debug|Any CPU.ActiveCfg = Debug|Any CPU
		{DA22DFF6-7CF1-4D35-92FB-986865437AD2}.Debug|Any CPU.Build.0 = Debug|Any CPU
		{DA22DFF6-7CF1-4D35-92FB-986865437AD2}.Release|Any CPU.ActiveCfg = Release|Any CPU
		{DA22DFF6-7CF1-4D35-92FB-986865437AD2}.Release|Any CPU.Build.0 = Release|Any CPU
	EndGlobalSection
	GlobalSection(SolutionProperties) = preSolution
		HideSolutionNode = FALSE
	EndGlobalSection
	GlobalSection(ExtensibilityGlobals) = postSolution
		SolutionGuid = {8FF5F7E1-9B08-4266-9EB9-9E75981552B9}
	EndGlobalSection
EndGlobal
